
Microsoft Visual Studio Solution File, Format Version 11.00
# Visual Studio 2010
Project("{8BC9CEB8-8B4A-11D0-8D11-00A0C91BC942}") = "interface", "interface\interface.vcxproj", "{6146F73A-46D0-4D06-8B24-F339C9047AF4}"
	ProjectSection(ProjectDependencies) = postProject
		{B2724969-2133-470A-BFDC-4A67A26C3682} = {B2724969-2133-470A-BFDC-4A67A26C3682}
	EndProjectSection
EndProject
Project("{8BC9CEB8-8B4A-11D0-8D11-00A0C91BC942}") = "ASTLoader", "ASTLoader\ASTLoader.vcxproj", "{6F57BD36-F94E-4807-896F-AEEBFBBD28A8}"
	ProjectSection(ProjectDependencies) = postProject
		{6146F73A-46D0-4D06-8B24-F339C9047AF4} = {6146F73A-46D0-4D06-8B24-F339C9047AF4}
		{B2724969-2133-470A-BFDC-4A67A26C3682} = {B2724969-2133-470A-BFDC-4A67A26C3682}
		{8F6585AA-B83F-4DD3-8FEC-8FFE93B23AEF} = {8F6585AA-B83F-4DD3-8FEC-8FFE93B23AEF}
	EndProjectSection
EndProject
Project("{8BC9CEB8-8B4A-11D0-8D11-00A0C91BC942}") = "syswin", "syswin\syswin.vcxproj", "{B2724969-2133-470A-BFDC-4A67A26C3682}"
EndProject
Project("{8BC9CEB8-8B4A-11D0-8D11-00A0C91BC942}") = "sendcmd", "sendcmd\sendcmd.vcxproj", "{92A15B18-CE1A-4638-BF32-9588105E9AB9}"
	ProjectSection(ProjectDependencies) = postProject
		{6146F73A-46D0-4D06-8B24-F339C9047AF4} = {6146F73A-46D0-4D06-8B24-F339C9047AF4}
		{B2724969-2133-470A-BFDC-4A67A26C3682} = {B2724969-2133-470A-BFDC-4A67A26C3682}
		{8F6585AA-B83F-4DD3-8FEC-8FFE93B23AEF} = {8F6585AA-B83F-4DD3-8FEC-8FFE93B23AEF}
	EndProjectSection
EndProject
Project("{8BC9CEB8-8B4A-11D0-8D11-00A0C91BC942}") = "ASTManager", "ASTManager\ASTManager.vcxproj", "{FC00C6CA-CF36-4015-95B6-ADC47388E36F}"
	ProjectSection(ProjectDependencies) = postProject
		{6146F73A-46D0-4D06-8B24-F339C9047AF4} = {6146F73A-46D0-4D06-8B24-F339C9047AF4}
		{66EE435B-07CF-4A4F-A513-FF5DCDB4B18C} = {66EE435B-07CF-4A4F-A513-FF5DCDB4B18C}
		{B2724969-2133-470A-BFDC-4A67A26C3682} = {B2724969-2133-470A-BFDC-4A67A26C3682}
		{8F6585AA-B83F-4DD3-8FEC-8FFE93B23AEF} = {8F6585AA-B83F-4DD3-8FEC-8FFE93B23AEF}
	EndProjectSection
EndProject
Project("{8BC9CEB8-8B4A-11D0-8D11-00A0C91BC942}") = "common", "common\common.vcxproj", "{8F6585AA-B83F-4DD3-8FEC-8FFE93B23AEF}"
	ProjectSection(ProjectDependencies) = postProject
		{6146F73A-46D0-4D06-8B24-F339C9047AF4} = {6146F73A-46D0-4D06-8B24-F339C9047AF4}
		{B2724969-2133-470A-BFDC-4A67A26C3682} = {B2724969-2133-470A-BFDC-4A67A26C3682}
	EndProjectSection
EndProject
Project("{8BC9CEB8-8B4A-11D0-8D11-00A0C91BC942}") = "storage", "storage\storage.vcxproj", "{492009AB-A595-4628-B88B-621F9F330A1C}"
	ProjectSection(ProjectDependencies) = postProject
		{66EE435B-07CF-4A4F-A513-FF5DCDB4B18C} = {66EE435B-07CF-4A4F-A513-FF5DCDB4B18C}
		{8F6585AA-B83F-4DD3-8FEC-8FFE93B23AEF} = {8F6585AA-B83F-4DD3-8FEC-8FFE93B23AEF}
	EndProjectSection
EndProject
Project("{8BC9CEB8-8B4A-11D0-8D11-00A0C91BC942}") = "sysfs", "sysfs\sysfs.vcxproj", "{66EE435B-07CF-4A4F-A513-FF5DCDB4B18C}"
	ProjectSection(ProjectDependencies) = postProject
		{6146F73A-46D0-4D06-8B24-F339C9047AF4} = {6146F73A-46D0-4D06-8B24-F339C9047AF4}
		{B2724969-2133-470A-BFDC-4A67A26C3682} = {B2724969-2133-470A-BFDC-4A67A26C3682}
		{8F6585AA-B83F-4DD3-8FEC-8FFE93B23AEF} = {8F6585AA-B83F-4DD3-8FEC-8FFE93B23AEF}
	EndProjectSection
EndProject
Project("{8BC9CEB8-8B4A-11D0-8D11-00A0C91BC942}") = "fsdrv", "fsdrv\fsdrv.vcxproj", "{0BC83078-5136-4AD6-932D-EC55D9B0C91F}"
	ProjectSection(ProjectDependencies) = postProject
		{B2724969-2133-470A-BFDC-4A67A26C3682} = {B2724969-2133-470A-BFDC-4A67A26C3682}
		{8F6585AA-B83F-4DD3-8FEC-8FFE93B23AEF} = {8F6585AA-B83F-4DD3-8FEC-8FFE93B23AEF}
	EndProjectSection
EndProject
Global
	GlobalSection(SolutionConfigurationPlatforms) = preSolution
		Debug|Win32 = Debug|Win32
		Release|Win32 = Release|Win32
	EndGlobalSection
	GlobalSection(ProjectConfigurationPlatforms) = postSolution
		{6146F73A-46D0-4D06-8B24-F339C9047AF4}.Debug|Win32.ActiveCfg = Debug|Win32
		{6146F73A-46D0-4D06-8B24-F339C9047AF4}.Debug|Win32.Build.0 = Debug|Win32
		{6146F73A-46D0-4D06-8B24-F339C9047AF4}.Release|Win32.ActiveCfg = Release|Win32
		{6146F73A-46D0-4D06-8B24-F339C9047AF4}.Release|Win32.Build.0 = Release|Win32
		{6F57BD36-F94E-4807-896F-AEEBFBBD28A8}.Debug|Win32.ActiveCfg = Debug|Win32
		{6F57BD36-F94E-4807-896F-AEEBFBBD28A8}.Debug|Win32.Build.0 = Debug|Win32
		{6F57BD36-F94E-4807-896F-AEEBFBBD28A8}.Release|Win32.ActiveCfg = Release|Win32
		{6F57BD36-F94E-4807-896F-AEEBFBBD28A8}.Release|Win32.Build.0 = Release|Win32
		{B2724969-2133-470A-BFDC-4A67A26C3682}.Debug|Win32.ActiveCfg = Debug|Win32
		{B2724969-2133-470A-BFDC-4A67A26C3682}.Debug|Win32.Build.0 = Debug|Win32
		{B2724969-2133-470A-BFDC-4A67A26C3682}.Release|Win32.ActiveCfg = Release|Win32
		{B2724969-2133-470A-BFDC-4A67A26C3682}.Release|Win32.Build.0 = Release|Win32
		{92A15B18-CE1A-4638-BF32-9588105E9AB9}.Debug|Win32.ActiveCfg = Debug|Win32
		{92A15B18-CE1A-4638-BF32-9588105E9AB9}.Debug|Win32.Build.0 = Debug|Win32
		{92A15B18-CE1A-4638-BF32-9588105E9AB9}.Release|Win32.ActiveCfg = Release|Win32
		{92A15B18-CE1A-4638-BF32-9588105E9AB9}.Release|Win32.Build.0 = Release|Win32
		{FC00C6CA-CF36-4015-95B6-ADC47388E36F}.Debug|Win32.ActiveCfg = Debug|Win32
		{FC00C6CA-CF36-4015-95B6-ADC47388E36F}.Debug|Win32.Build.0 = Debug|Win32
		{FC00C6CA-CF36-4015-95B6-ADC47388E36F}.Release|Win32.ActiveCfg = Release|Win32
		{FC00C6CA-CF36-4015-95B6-ADC47388E36F}.Release|Win32.Build.0 = Release|Win32
		{8F6585AA-B83F-4DD3-8FEC-8FFE93B23AEF}.Debug|Win32.ActiveCfg = Debug|Win32
		{8F6585AA-B83F-4DD3-8FEC-8FFE93B23AEF}.Debug|Win32.Build.0 = Debug|Win32
		{8F6585AA-B83F-4DD3-8FEC-8FFE93B23AEF}.Release|Win32.ActiveCfg = Release|Win32
		{8F6585AA-B83F-4DD3-8FEC-8FFE93B23AEF}.Release|Win32.Build.0 = Release|Win32
		{492009AB-A595-4628-B88B-621F9F330A1C}.Debug|Win32.ActiveCfg = Debug|Win32
		{492009AB-A595-4628-B88B-621F9F330A1C}.Debug|Win32.Build.0 = Debug|Win32
		{492009AB-A595-4628-B88B-621F9F330A1C}.Release|Win32.ActiveCfg = Release|Win32
		{492009AB-A595-4628-B88B-621F9F330A1C}.Release|Win32.Build.0 = Release|Win32
		{66EE435B-07CF-4A4F-A513-FF5DCDB4B18C}.Debug|Win32.ActiveCfg = Debug|Win32
		{66EE435B-07CF-4A4F-A513-FF5DCDB4B18C}.Debug|Win32.Build.0 = Debug|Win32
		{66EE435B-07CF-4A4F-A513-FF5DCDB4B18C}.Release|Win32.ActiveCfg = Release|Win32
		{66EE435B-07CF-4A4F-A513-FF5DCDB4B18C}.Release|Win32.Build.0 = Release|Win32
		{0BC83078-5136-4AD6-932D-EC55D9B0C91F}.Debug|Win32.ActiveCfg = Debug|Win32
		{0BC83078-5136-4AD6-932D-EC55D9B0C91F}.Debug|Win32.Build.0 = Debug|Win32
		{0BC83078-5136-4AD6-932D-EC55D9B0C91F}.Release|Win32.ActiveCfg = Release|Win32
		{0BC83078-5136-4AD6-932D-EC55D9B0C91F}.Release|Win32.Build.0 = Release|Win32
	EndGlobalSection
	GlobalSection(SolutionProperties) = preSolution
		HideSolutionNode = FALSE
	EndGlobalSection
EndGlobal
